
Microsoft Visual Studio Solution File, Format Version 12.00
# Visual Studio Version 17
VisualStudioVersion = 17.5.002.0
MinimumVisualStudioVersion = 10.0.40219.1
Project("{9A19103F-16F7-4668-BE54-9A1E7A4F7556}") = "SpaceBattle", "SpaceBattle\SpaceBattle.csproj", "{A818BD24-9732-4E54-ADB7-1DC62962124C}"
EndProject
Project("{9A19103F-16F7-4668-BE54-9A1E7A4F7556}") = "SpaceBattle.Tests", "SpaceBattle.Tests\SpaceBattle.Tests.csproj", "{40BAE4AC-9274-4CF1-B095-F77A1E84B894}"
EndProject
Global
	GlobalSection(SolutionConfigurationPlatforms) = preSolution
		Debug|Any CPU = Debug|Any CPU
		Release|Any CPU = Release|Any CPU
	EndGlobalSection
	GlobalSection(ProjectConfigurationPlatforms) = postSolution
		{A818BD24-9732-4E54-ADB7-1DC62962124C}.Debug|Any CPU.ActiveCfg = Debug|Any CPU
		{A818BD24-9732-4E54-ADB7-1DC62962124C}.Debug|Any CPU.Build.0 = Debug|Any CPU
		{A818BD24-9732-4E54-ADB7-1DC62962124C}.Release|Any CPU.ActiveCfg = Release|Any CPU
		{A818BD24-9732-4E54-ADB7-1DC62962124C}.Release|Any CPU.Build.0 = Release|Any CPU
		{40BAE4AC-9274-4CF1-B095-F77A1E84B894}.Debug|Any CPU.ActiveCfg = Debug|Any CPU
		{40BAE4AC-9274-4CF1-B095-F77A1E84B894}.Debug|Any CPU.Build.0 = Debug|Any CPU
		{40BAE4AC-9274-4CF1-B095-F77A1E84B894}.Release|Any CPU.ActiveCfg = Release|Any CPU
		{40BAE4AC-9274-4CF1-B095-F77A1E84B894}.Release|Any CPU.Build.0 = Release|Any CPU
	EndGlobalSection
	GlobalSection(SolutionProperties) = preSolution
		HideSolutionNode = FALSE
	EndGlobalSection
	GlobalSection(ExtensibilityGlobals) = postSolution
		SolutionGuid = {C6969617-D0BE-42EA-A4AC-4ECCDE6443F9}
	EndGlobalSection
EndGlobal
